<?xml version="1.0" encoding="UTF-8"?>
<Scheme
   version = "1.3">
   <BuildAction>
      <BuildActionEntries>
         <BuildActionEntry
            buildForRunning = "YES">
            <BuildableReference
               BuildableIdentifier = "primary"
               BlueprintIdentifier = "E0E9B4332799034D00105852"
               BuildableName = "Hambrary Shop.app"
               BlueprintName = "Hambrary Shop"
               ReferencedContainer = "container:Hambrary Shop.xcodeproj">
            </BuildableReference>
         </BuildActionEntry>
      </BuildActionEntries>
   </BuildAction>
   <LaunchAction
      useCustomWorkingDirectory = "NO"
      buildConfiguration = "Debug"
      allowLocationSimulation = "YES">
      <BuildableProductRunnable>
         <BuildableReference
            BuildableIdentifier = "primary"
            BlueprintIdentifier = "E0E9B4332799034D00105852"
            BuildableName = "Hambrary Shop.app"
            BlueprintName = "Hambrary Shop"
            ReferencedContainer = "container:Hambrary Shop.xcodeproj">
         </BuildableReference>
      </BuildableProductRunnable>
   </LaunchAction>
</Scheme>
